
Microsoft Visual Studio Solution File, Format Version 12.00
# Visual Studio Version 16
VisualStudioVersion = 16.0.30717.126
MinimumVisualStudioVersion = 10.0.40219.1
Project("{FAE04EC0-301F-11D3-BF4B-00C04F79EFBC}") = "ShareApp", "ShareApp\ShareApp.csproj", "{D9250B89-C657-45C0-B599-585D76251EEB}"
EndProject
Project("{FAE04EC0-301F-11D3-BF4B-00C04F79EFBC}") = "ShareAppTest", "ShareAppTest\ShareAppTest.csproj", "{D1B735BF-5F1F-4AF1-A2B0-1AD769B88931}"
EndProject
Global
	GlobalSection(SolutionConfigurationPlatforms) = preSolution
		Debug|Any CPU = Debug|Any CPU
		Release|Any CPU = Release|Any CPU
	EndGlobalSection
	GlobalSection(ProjectConfigurationPlatforms) = postSolution
		{D9250B89-C657-45C0-B599-585D76251EEB}.Debug|Any CPU.ActiveCfg = Debug|Any CPU
		{D9250B89-C657-45C0-B599-585D76251EEB}.Debug|Any CPU.Build.0 = Debug|Any CPU
		{D9250B89-C657-45C0-B599-585D76251EEB}.Release|Any CPU.ActiveCfg = Release|Any CPU
		{D9250B89-C657-45C0-B599-585D76251EEB}.Release|Any CPU.Build.0 = Release|Any CPU
		{D1B735BF-5F1F-4AF1-A2B0-1AD769B88931}.Debug|Any CPU.ActiveCfg = Debug|Any CPU
		{D1B735BF-5F1F-4AF1-A2B0-1AD769B88931}.Debug|Any CPU.Build.0 = Debug|Any CPU
		{D1B735BF-5F1F-4AF1-A2B0-1AD769B88931}.Release|Any CPU.ActiveCfg = Release|Any CPU
		{D1B735BF-5F1F-4AF1-A2B0-1AD769B88931}.Release|Any CPU.Build.0 = Release|Any CPU
	EndGlobalSection
	GlobalSection(SolutionProperties) = preSolution
		HideSolutionNode = FALSE
	EndGlobalSection
	GlobalSection(ExtensibilityGlobals) = postSolution
		SolutionGuid = {E423CC87-8F68-4547-BEC9-7448789FD072}
	EndGlobalSection
EndGlobal
